
Microsoft Visual Studio Solution File, Format Version 12.00
# Visual Studio Version 16
VisualStudioVersion = 16.0.33529.622
MinimumVisualStudioVersion = 10.0.40219.1
Project("{FAE04EC0-301F-11D3-BF4B-00C04F79EFBC}") = "Primera_Web_App", "Primera_Web_App\Primera_Web_App.csproj", "{D50C8940-3E64-4F01-AD73-9E3B3DB97866}"
EndProject
Global
	GlobalSection(SolutionConfigurationPlatforms) = preSolution
		Debug|Any CPU = Debug|Any CPU
		Release|Any CPU = Release|Any CPU
	EndGlobalSection
	GlobalSection(ProjectConfigurationPlatforms) = postSolution
		{D50C8940-3E64-4F01-AD73-9E3B3DB97866}.Debug|Any CPU.ActiveCfg = Debug|Any CPU
		{D50C8940-3E64-4F01-AD73-9E3B3DB97866}.Debug|Any CPU.Build.0 = Debug|Any CPU
		{D50C8940-3E64-4F01-AD73-9E3B3DB97866}.Release|Any CPU.ActiveCfg = Release|Any CPU
		{D50C8940-3E64-4F01-AD73-9E3B3DB97866}.Release|Any CPU.Build.0 = Release|Any CPU
	EndGlobalSection
	GlobalSection(SolutionProperties) = preSolution
		HideSolutionNode = FALSE
	EndGlobalSection
	GlobalSection(ExtensibilityGlobals) = postSolution
		SolutionGuid = {EA52BEF1-7541-40D4-A270-D105CCF33365}
	EndGlobalSection
EndGlobal
